# This file is @generated by PDM.
# It is not intended for manual editing.

[metadata]
groups = ["default"]
strategy = ["inherit_metadata"]
lock_version = "4.5.0"
content_hash = "sha256:9c15b77143cf91bd4703a547891611f768fae6569712d5eb52cbb14190173fed"

[[metadata.targets]]
requires_python = ">=3.10"

[[package]]
name = "check-os-ver"
version = "0.3.0"
requires_python = ">=3.10"
summary = "Default template for PDM package"
groups = ["default"]
dependencies = [
    "check-os-ver",
    "cho-check-os-ver",
    "hj-check-os-version",
    "jacob-os-version-check",
    "lucas-check-os-ver",
    "nunininu-check-os-ver",
    "ppabam-check-os-ver>=0.2.0",
    "seo-check-os-version",
    "stundrg-check-os-ver",
]
files = [
    {file = "check_os_ver-0.3.0-py3-none-any.whl", hash = "sha256:989a56659053c403f58269da6585443ab972627b23b16faba1d279880ea2530f"},
    {file = "check_os_ver-0.3.0.tar.gz", hash = "sha256:e9c04297da333e5eff0cc7719075acfca2b2ec893f9efb9d07ddc3a314d82bae"},
]

[[package]]
name = "cho-check-os-ver"
version = "0.3.3"
requires_python = ">=3.10"
summary = "Default template for PDM package"
groups = ["default"]
dependencies = [
    "check-os-ver>=0.2.1",
    "hj-check-os-version>=0.2.0",
    "jacob-os-version-check>=0.2.4",
    "lucas-check-os-ver>=0.2.0",
    "nunininu-check-os-ver>=0.2.0",
    "seo-check-os-version>=0.2.0",
    "stundrg-check-os-ver>=0.2.3",
]
files = [
    {file = "cho_check_os_ver-0.3.3-py3-none-any.whl", hash = "sha256:e79d0e653c2990f5194a6ce5332ee425921125b5168e1492dcb7b0a82158e782"},
    {file = "cho_check_os_ver-0.3.3.tar.gz", hash = "sha256:40319b8cd0959a29f57b05e11dcb538808b890af0c8f413fa494eec988ec6bed"},
]

[[package]]
name = "hj-check-os-version"
version = "0.3.3"
requires_python = ">=3.10"
summary = "Default template for PDM package"
groups = ["default"]
dependencies = [
    "check-os-ver>=0.2.1",
    "cho-check-os-ver>=0.2.3",
    "jacob-os-version-check>=0.2.4",
    "lucas-check-os-ver>=0.2.1",
    "nunininu-check-os-ver>=0.3.0",
    "ppabam-check-os-ver>=0.2.0",
    "seo-check-os-version>=0.2.0",
    "stundrg-check-os-ver>=0.2.3",
]
files = [
    {file = "hj_check_os_version-0.3.3-py3-none-any.whl", hash = "sha256:2b2e2171f8a1c21132bcc953e6a9a150a524c2ea6d09f12c8f312d1612f2cf76"},
    {file = "hj_check_os_version-0.3.3.tar.gz", hash = "sha256:0201b2d02895ec5cb6682292c8a2b295b3a1a900ef8b451369ddfa909ec0e4da"},
]

[[package]]
name = "jacob-os-version-check"
version = "0.3.5"
requires_python = ">=3.10"
summary = "Detects and outputs the os vesion."
groups = ["default"]
dependencies = [
    "check-os-ver>=0.2.1",
    "cho-check-os-ver>=0.2.3",
    "hj-check-os-version>=0.2.1",
    "lucas-check-os-ver>=0.2.1",
    "nunininu-check-os-ver>=0.3.0",
    "seo-check-os-version>=0.2.0",
    "stundrg-check-os-ver>=0.2.3",
]
files = [
    {file = "jacob_os_version_check-0.3.5-py3-none-any.whl", hash = "sha256:f4e1abcb4f1f0789c23826130e0dac386ce8bacb87df475d74e58e0f361128e9"},
    {file = "jacob_os_version_check-0.3.5.tar.gz", hash = "sha256:2da85aea1711784f45b89668cfec516d675eea6bbce39c544dc03273a768742f"},
]

[[package]]
name = "lucas-check-os-ver"
version = "0.3.4"
requires_python = ">=3.10"
summary = "Detects and outputs the os version"
groups = ["default"]
dependencies = [
    "check-os-ver>=0.2.1",
    "cho-check-os-ver>=0.2.3",
    "hj-check-os-version>=0.2.1",
    "jacob-os-version-check>=0.2.4",
    "nunininu-check-os-ver>=0.3.0",
    "ppabam-check-os-ver>=0.2.0",
    "seo-check-os-version>=0.2.0",
    "stundrg-check-os-ver>=0.2.3",
]
files = [
    {file = "lucas_check_os_ver-0.3.4-py3-none-any.whl", hash = "sha256:d70fdd850b4d8c08ceb5189837952a1c099bfd4ae8167fab4375ee26206f74eb"},
    {file = "lucas_check_os_ver-0.3.4.tar.gz", hash = "sha256:9b27678c891b2af6a07e8e80f528fb9bf362cbe3e52f3ed0a27636fdf8c7cf2e"},
]

[[package]]
name = "nunininu-check-os-ver"
version = "0.3.2"
requires_python = ">=3.10"
summary = "Default template for PDM package"
groups = ["default"]
dependencies = [
    "check-os-ver>=0.2.1",
    "cho-check-os-ver>=0.2.3",
    "hj-check-os-version>=0.2.1",
    "jacob-os-version-check>=0.2.4",
    "lucas-check-os-ver>=0.2.1",
    "seo-check-os-version>=0.2.0",
    "stundrg-check-os-ver>=0.2.3",
]
files = [
    {file = "nunininu_check_os_ver-0.3.2-py3-none-any.whl", hash = "sha256:1bdc3167149640c35a531893dad7e942e73b450f3fc619fe5e6480d8f3fe3c32"},
    {file = "nunininu_check_os_ver-0.3.2.tar.gz", hash = "sha256:d2eea4c8968a3ec41869b85a1618a1e2248a56ccbbb5009982ab895228502876"},
]

[[package]]
name = "ppabam-check-os-ver"
version = "0.3.0"
requires_python = ">=3.10"
summary = "Detects and outputs the os version."
groups = ["default"]
dependencies = [
    "check-os-ver>=0.2.1",
    "cho-check-os-ver>=0.2.3",
    "hj-check-os-version>=0.3.1",
    "jacob-os-version-check>=0.2.4",
    "lucas-check-os-ver>=0.2.1",
    "nunininu-check-os-ver>=0.3.0",
    "seo-check-os-version>=0.2.0",
    "stundrg-check-os-ver>=0.2.3",
]
files = [
    {file = "ppabam_check_os_ver-0.3.0-py3-none-any.whl", hash = "sha256:6ddc5d307528efe1e9fafdd47b604690e88b4fc20e9f475aed3e20664d8371f1"},
    {file = "ppabam_check_os_ver-0.3.0.tar.gz", hash = "sha256:0bbb387665dd8c87dec833e1eacfaa7138c7435af9adf5b68943ff532cc1195b"},
]

[[package]]
name = "seo-check-os-version"
version = "0.2.4"
requires_python = ">=3.10"
summary = "Default template for PDM package"
groups = ["default"]
files = [
    {file = "seo_check_os_version-0.2.4-py3-none-any.whl", hash = "sha256:47992da18b4c33a5511feb1017e19bf2d7e205e7d48ef0b165547c01d22ae4e6"},
    {file = "seo_check_os_version-0.2.4.tar.gz", hash = "sha256:50014a6b1eef9fab1603df9ef3dac4629083af45b79d923c68ab8b6396f94edb"},
]
