# This file is @generated by PDM.
# It is not intended for manual editing.

[metadata]
groups = ["default"]
strategy = ["inherit_metadata"]
lock_version = "4.5.0"
content_hash = "sha256:1d11d301212ddbb7fb866b9d5a1e89105df69fe16a1443ec61978ed92da38500"

[[metadata.targets]]
requires_python = ">=3.10"

[[package]]
name = "check-os-ver"
version = "0.2.1"
requires_python = ">=3.10"
summary = "Default template for PDM package"
groups = ["default"]
files = [
    {file = "check_os_ver-0.2.1-py3-none-any.whl", hash = "sha256:16611c9ca27ea8ddc89ce87ccbbf3d25bbf114856cf6c5be4bb936c99914090e"},
    {file = "check_os_ver-0.2.1.tar.gz", hash = "sha256:f99d0889432a520b26f3bd51f43077304505071edf42f38c63fbcaf2d4f41ad2"},
]
